
Microsoft Visual Studio Solution File, Format Version 10.00
# Visual C++ Express 2008
Project("{8BC9CEB8-8B4A-11D0-8D11-00A0C91BC942}") = "MerlinDebug", "MerlinDebug.vcproj", "{F5A4B56B-91AC-4E9A-A7CE-4C670D3DCE3A}"
	ProjectSection(ProjectDependencies) = postProject
		{80F4C3E1-BF0A-4010-8DBC-23ED54421E1C} = {80F4C3E1-BF0A-4010-8DBC-23ED54421E1C}
	EndProjectSection
EndProject
Project("{8BC9CEB8-8B4A-11D0-8D11-00A0C91BC942}") = "MerlinRelease", "MerlinRelease.vcproj", "{80F4C3E1-BF0A-4010-8DBC-23ED54421E1C}"
EndProject
Project("{8BC9CEB8-8B4A-11D0-8D11-00A0C91BC942}") = "AcceleratorErrors", "AcceleratorErrors.vcproj", "{9B6646AD-238F-4B1A-854F-8B30C74ED699}"
	ProjectSection(ProjectDependencies) = postProject
		{80F4C3E1-BF0A-4010-8DBC-23ED54421E1C} = {80F4C3E1-BF0A-4010-8DBC-23ED54421E1C}
	EndProjectSection
EndProject
Project("{8BC9CEB8-8B4A-11D0-8D11-00A0C91BC942}") = "ClosedOrbit", "ClosedOrbit.vcproj", "{A078734E-4F3B-4DB4-94CE-772613CC9B12}"
	ProjectSection(ProjectDependencies) = postProject
		{80F4C3E1-BF0A-4010-8DBC-23ED54421E1C} = {80F4C3E1-BF0A-4010-8DBC-23ED54421E1C}
	EndProjectSection
EndProject
Project("{8BC9CEB8-8B4A-11D0-8D11-00A0C91BC942}") = "HaloCollimation", "HaloCollimation.vcproj", "{0C946EE0-1602-4AAA-8CD4-1DE4A819F9E9}"
	ProjectSection(ProjectDependencies) = postProject
		{80F4C3E1-BF0A-4010-8DBC-23ED54421E1C} = {80F4C3E1-BF0A-4010-8DBC-23ED54421E1C}
	EndProjectSection
EndProject
Project("{8BC9CEB8-8B4A-11D0-8D11-00A0C91BC942}") = "ILCML", "ILCML.vcproj", "{256BBEA9-65D6-4604-95F5-9E6FA0FD9935}"
	ProjectSection(ProjectDependencies) = postProject
		{80F4C3E1-BF0A-4010-8DBC-23ED54421E1C} = {80F4C3E1-BF0A-4010-8DBC-23ED54421E1C}
	EndProjectSection
EndProject
Project("{8BC9CEB8-8B4A-11D0-8D11-00A0C91BC942}") = "ILCDFS", "ILCDFS.vcproj", "{03A951D5-E2CF-4991-A48F-0EB54470A732}"
	ProjectSection(ProjectDependencies) = postProject
		{80F4C3E1-BF0A-4010-8DBC-23ED54421E1C} = {80F4C3E1-BF0A-4010-8DBC-23ED54421E1C}
	EndProjectSection
EndProject
Project("{8BC9CEB8-8B4A-11D0-8D11-00A0C91BC942}") = "LatticeFunctions", "LatticeFunctions.vcproj", "{1930A12D-0F5E-4294-A1DA-2C3F5AC3B241}"
	ProjectSection(ProjectDependencies) = postProject
		{80F4C3E1-BF0A-4010-8DBC-23ED54421E1C} = {80F4C3E1-BF0A-4010-8DBC-23ED54421E1C}
	EndProjectSection
EndProject
Project("{8BC9CEB8-8B4A-11D0-8D11-00A0C91BC942}") = "SpinTracking", "SpinTracking.vcproj", "{9BA47092-0CD7-4159-BAC6-53360FB60F0F}"
	ProjectSection(ProjectDependencies) = postProject
		{80F4C3E1-BF0A-4010-8DBC-23ED54421E1C} = {80F4C3E1-BF0A-4010-8DBC-23ED54421E1C}
	EndProjectSection
EndProject
Project("{8BC9CEB8-8B4A-11D0-8D11-00A0C91BC942}") = "StrayFieldClosedOrbit", "StrayFieldClosedOrbit.vcproj", "{EDD3F669-5284-4CC2-8BA7-E878782FAE22}"
	ProjectSection(ProjectDependencies) = postProject
		{80F4C3E1-BF0A-4010-8DBC-23ED54421E1C} = {80F4C3E1-BF0A-4010-8DBC-23ED54421E1C}
	EndProjectSection
EndProject
Project("{8BC9CEB8-8B4A-11D0-8D11-00A0C91BC942}") = "Trajectory", "Trajectory.vcproj", "{A9FA24D1-5651-4014-ACE0-BCF0539BAC16}"
	ProjectSection(ProjectDependencies) = postProject
		{80F4C3E1-BF0A-4010-8DBC-23ED54421E1C} = {80F4C3E1-BF0A-4010-8DBC-23ED54421E1C}
	EndProjectSection
EndProject
Project("{8BC9CEB8-8B4A-11D0-8D11-00A0C91BC942}") = "Tracking", "Tracking.vcproj", "{E3A57A8A-95E0-4213-A6EA-9B2BE3CD8C0B}"
	ProjectSection(ProjectDependencies) = postProject
		{80F4C3E1-BF0A-4010-8DBC-23ED54421E1C} = {80F4C3E1-BF0A-4010-8DBC-23ED54421E1C}
	EndProjectSection
EndProject
Project("{8BC9CEB8-8B4A-11D0-8D11-00A0C91BC942}") = "WakefieldsEx1", "WakefieldsEx1.vcproj", "{3F39D49E-6761-4479-9E37-930BF6DE6F79}"
	ProjectSection(ProjectDependencies) = postProject
		{80F4C3E1-BF0A-4010-8DBC-23ED54421E1C} = {80F4C3E1-BF0A-4010-8DBC-23ED54421E1C}
	EndProjectSection
EndProject
Project("{8BC9CEB8-8B4A-11D0-8D11-00A0C91BC942}") = "WakefieldsEx2", "WakefieldsEx2.vcproj", "{1EE64538-C24D-4610-BC59-A5A43C505402}"
	ProjectSection(ProjectDependencies) = postProject
		{3F39D49E-6761-4479-9E37-930BF6DE6F79} = {3F39D49E-6761-4479-9E37-930BF6DE6F79}
		{80F4C3E1-BF0A-4010-8DBC-23ED54421E1C} = {80F4C3E1-BF0A-4010-8DBC-23ED54421E1C}
	EndProjectSection
EndProject
Project("{8BC9CEB8-8B4A-11D0-8D11-00A0C91BC942}") = "WakefieldsEx3", "WakefieldsEx3.vcproj", "{56BBB4E6-AAB2-479A-AC13-2E8F751DEDEF}"
	ProjectSection(ProjectDependencies) = postProject
		{1EE64538-C24D-4610-BC59-A5A43C505402} = {1EE64538-C24D-4610-BC59-A5A43C505402}
		{3F39D49E-6761-4479-9E37-930BF6DE6F79} = {3F39D49E-6761-4479-9E37-930BF6DE6F79}
		{80F4C3E1-BF0A-4010-8DBC-23ED54421E1C} = {80F4C3E1-BF0A-4010-8DBC-23ED54421E1C}
	EndProjectSection
EndProject
Project("{8BC9CEB8-8B4A-11D0-8D11-00A0C91BC942}") = "ROOT_trackingOutput", "ROOT_trackingOutput.vcproj", "{5D84AFD4-07EE-4CE6-A88F-6803CD17CBC5}"
	ProjectSection(ProjectDependencies) = postProject
		{80F4C3E1-BF0A-4010-8DBC-23ED54421E1C} = {80F4C3E1-BF0A-4010-8DBC-23ED54421E1C}
	EndProjectSection
EndProject
Project("{8BC9CEB8-8B4A-11D0-8D11-00A0C91BC942}") = "README", "README.vcproj", "{003CB0E0-BC37-4687-B5A2-0F3C654C242B}"
EndProject
Global
	GlobalSection(SolutionConfigurationPlatforms) = preSolution
		Debug|Win32 = Debug|Win32
		Release|Win32 = Release|Win32
	EndGlobalSection
	GlobalSection(ProjectConfigurationPlatforms) = postSolution
		{F5A4B56B-91AC-4E9A-A7CE-4C670D3DCE3A}.Debug|Win32.ActiveCfg = Debug|Win32
		{F5A4B56B-91AC-4E9A-A7CE-4C670D3DCE3A}.Debug|Win32.Build.0 = Debug|Win32
		{F5A4B56B-91AC-4E9A-A7CE-4C670D3DCE3A}.Release|Win32.ActiveCfg = Debug|Win32
		{F5A4B56B-91AC-4E9A-A7CE-4C670D3DCE3A}.Release|Win32.Build.0 = Debug|Win32
		{80F4C3E1-BF0A-4010-8DBC-23ED54421E1C}.Debug|Win32.ActiveCfg = Release|Win32
		{80F4C3E1-BF0A-4010-8DBC-23ED54421E1C}.Debug|Win32.Build.0 = Release|Win32
		{80F4C3E1-BF0A-4010-8DBC-23ED54421E1C}.Release|Win32.ActiveCfg = Release|Win32
		{80F4C3E1-BF0A-4010-8DBC-23ED54421E1C}.Release|Win32.Build.0 = Release|Win32
		{9B6646AD-238F-4B1A-854F-8B30C74ED699}.Debug|Win32.ActiveCfg = Release|Win32
		{9B6646AD-238F-4B1A-854F-8B30C74ED699}.Debug|Win32.Build.0 = Release|Win32
		{9B6646AD-238F-4B1A-854F-8B30C74ED699}.Release|Win32.ActiveCfg = Debug|Win32
		{9B6646AD-238F-4B1A-854F-8B30C74ED699}.Release|Win32.Build.0 = Debug|Win32
		{A078734E-4F3B-4DB4-94CE-772613CC9B12}.Debug|Win32.ActiveCfg = Release|Win32
		{A078734E-4F3B-4DB4-94CE-772613CC9B12}.Debug|Win32.Build.0 = Release|Win32
		{A078734E-4F3B-4DB4-94CE-772613CC9B12}.Release|Win32.ActiveCfg = Release|Win32
		{A078734E-4F3B-4DB4-94CE-772613CC9B12}.Release|Win32.Build.0 = Release|Win32
		{0C946EE0-1602-4AAA-8CD4-1DE4A819F9E9}.Debug|Win32.ActiveCfg = Release|Win32
		{0C946EE0-1602-4AAA-8CD4-1DE4A819F9E9}.Debug|Win32.Build.0 = Release|Win32
		{0C946EE0-1602-4AAA-8CD4-1DE4A819F9E9}.Release|Win32.ActiveCfg = Release|Win32
		{0C946EE0-1602-4AAA-8CD4-1DE4A819F9E9}.Release|Win32.Build.0 = Release|Win32
		{256BBEA9-65D6-4604-95F5-9E6FA0FD9935}.Debug|Win32.ActiveCfg = Release|Win32
		{256BBEA9-65D6-4604-95F5-9E6FA0FD9935}.Debug|Win32.Build.0 = Release|Win32
		{256BBEA9-65D6-4604-95F5-9E6FA0FD9935}.Release|Win32.ActiveCfg = Release|Win32
		{256BBEA9-65D6-4604-95F5-9E6FA0FD9935}.Release|Win32.Build.0 = Release|Win32
		{03A951D5-E2CF-4991-A48F-0EB54470A732}.Debug|Win32.ActiveCfg = Release|Win32
		{03A951D5-E2CF-4991-A48F-0EB54470A732}.Debug|Win32.Build.0 = Release|Win32
		{03A951D5-E2CF-4991-A48F-0EB54470A732}.Release|Win32.ActiveCfg = Release|Win32
		{03A951D5-E2CF-4991-A48F-0EB54470A732}.Release|Win32.Build.0 = Release|Win32
		{1930A12D-0F5E-4294-A1DA-2C3F5AC3B241}.Debug|Win32.ActiveCfg = Release|Win32
		{1930A12D-0F5E-4294-A1DA-2C3F5AC3B241}.Debug|Win32.Build.0 = Release|Win32
		{1930A12D-0F5E-4294-A1DA-2C3F5AC3B241}.Release|Win32.ActiveCfg = Release|Win32
		{1930A12D-0F5E-4294-A1DA-2C3F5AC3B241}.Release|Win32.Build.0 = Release|Win32
		{9BA47092-0CD7-4159-BAC6-53360FB60F0F}.Debug|Win32.ActiveCfg = Release|Win32
		{9BA47092-0CD7-4159-BAC6-53360FB60F0F}.Debug|Win32.Build.0 = Release|Win32
		{9BA47092-0CD7-4159-BAC6-53360FB60F0F}.Release|Win32.ActiveCfg = Release|Win32
		{9BA47092-0CD7-4159-BAC6-53360FB60F0F}.Release|Win32.Build.0 = Release|Win32
		{EDD3F669-5284-4CC2-8BA7-E878782FAE22}.Debug|Win32.ActiveCfg = Release|Win32
		{EDD3F669-5284-4CC2-8BA7-E878782FAE22}.Debug|Win32.Build.0 = Release|Win32
		{EDD3F669-5284-4CC2-8BA7-E878782FAE22}.Release|Win32.ActiveCfg = Release|Win32
		{EDD3F669-5284-4CC2-8BA7-E878782FAE22}.Release|Win32.Build.0 = Release|Win32
		{A9FA24D1-5651-4014-ACE0-BCF0539BAC16}.Debug|Win32.ActiveCfg = Release|Win32
		{A9FA24D1-5651-4014-ACE0-BCF0539BAC16}.Debug|Win32.Build.0 = Release|Win32
		{A9FA24D1-5651-4014-ACE0-BCF0539BAC16}.Release|Win32.ActiveCfg = Release|Win32
		{A9FA24D1-5651-4014-ACE0-BCF0539BAC16}.Release|Win32.Build.0 = Release|Win32
		{E3A57A8A-95E0-4213-A6EA-9B2BE3CD8C0B}.Debug|Win32.ActiveCfg = Release|Win32
		{E3A57A8A-95E0-4213-A6EA-9B2BE3CD8C0B}.Debug|Win32.Build.0 = Release|Win32
		{E3A57A8A-95E0-4213-A6EA-9B2BE3CD8C0B}.Release|Win32.ActiveCfg = Release|Win32
		{E3A57A8A-95E0-4213-A6EA-9B2BE3CD8C0B}.Release|Win32.Build.0 = Release|Win32
		{3F39D49E-6761-4479-9E37-930BF6DE6F79}.Debug|Win32.ActiveCfg = Release|Win32
		{3F39D49E-6761-4479-9E37-930BF6DE6F79}.Debug|Win32.Build.0 = Release|Win32
		{3F39D49E-6761-4479-9E37-930BF6DE6F79}.Release|Win32.ActiveCfg = Release|Win32
		{3F39D49E-6761-4479-9E37-930BF6DE6F79}.Release|Win32.Build.0 = Release|Win32
		{1EE64538-C24D-4610-BC59-A5A43C505402}.Debug|Win32.ActiveCfg = Release|Win32
		{1EE64538-C24D-4610-BC59-A5A43C505402}.Debug|Win32.Build.0 = Release|Win32
		{1EE64538-C24D-4610-BC59-A5A43C505402}.Release|Win32.ActiveCfg = Release|Win32
		{1EE64538-C24D-4610-BC59-A5A43C505402}.Release|Win32.Build.0 = Release|Win32
		{56BBB4E6-AAB2-479A-AC13-2E8F751DEDEF}.Debug|Win32.ActiveCfg = Release|Win32
		{56BBB4E6-AAB2-479A-AC13-2E8F751DEDEF}.Debug|Win32.Build.0 = Release|Win32
		{56BBB4E6-AAB2-479A-AC13-2E8F751DEDEF}.Release|Win32.ActiveCfg = Release|Win32
		{56BBB4E6-AAB2-479A-AC13-2E8F751DEDEF}.Release|Win32.Build.0 = Release|Win32
		{5D84AFD4-07EE-4CE6-A88F-6803CD17CBC5}.Debug|Win32.ActiveCfg = Release|Win32
		{5D84AFD4-07EE-4CE6-A88F-6803CD17CBC5}.Release|Win32.ActiveCfg = Release|Win32
		{5D84AFD4-07EE-4CE6-A88F-6803CD17CBC5}.Release|Win32.Build.0 = Release|Win32
		{003CB0E0-BC37-4687-B5A2-0F3C654C242B}.Debug|Win32.ActiveCfg = Debug|Win32
		{003CB0E0-BC37-4687-B5A2-0F3C654C242B}.Debug|Win32.Build.0 = Debug|Win32
		{003CB0E0-BC37-4687-B5A2-0F3C654C242B}.Release|Win32.ActiveCfg = Release|Win32
		{003CB0E0-BC37-4687-B5A2-0F3C654C242B}.Release|Win32.Build.0 = Release|Win32
	EndGlobalSection
	GlobalSection(SolutionProperties) = preSolution
		HideSolutionNode = FALSE
	EndGlobalSection
EndGlobal
